// !$*UTF8*$!
{
	archiveVersion = 1;
	classes = {
	};
	objectVersion = 55;
	objects = {

/* Begin PBXBuildFile section */
		330CE52C27E077FF0046FE21 /* Emailer.swift in Sources */ = {isa = PBXBuildFile; fileRef = 330CE52B27E077FF0046FE21 /* Emailer.swift */; };
		3325101A27DF94C100DF3ADE /* SpinnerViewController.swift in Sources */ = {isa = PBXBuildFile; fileRef = 3325101927DF94C100DF3ADE /* SpinnerViewController.swift */; };
		3384D5E327DE4A2500D7E66B /* PaperOnboarding in Frameworks */ = {isa = PBXBuildFile; productRef = 3384D5E227DE4A2500D7E66B /* PaperOnboarding */; };
		3384D5E527DE4AC400D7E66B /* OnboardingViewController.swift in Sources */ = {isa = PBXBuildFile; fileRef = 3384D5E427DE4AC400D7E66B /* OnboardingViewController.swift */; };
		3384D5E727DE4BB000D7E66B /* Defaults.swift in Sources */ = {isa = PBXBuildFile; fileRef = 3384D5E627DE4BB000D7E66B /* Defaults.swift */; };
		3384D5E927DE4E2000D7E66B /* Constants.swift in Sources */ = {isa = PBXBuildFile; fileRef = 3384D5E827DE4E2000D7E66B /* Constants.swift */; };
		3384D5EB27DE4FE500D7E66B /* SplitViewController.swift in Sources */ = {isa = PBXBuildFile; fileRef = 3384D5EA27DE4FE500D7E66B /* SplitViewController.swift */; };
		339DDF0327DB9E1900603603 /* CalEntrySelectionDelegate.swift in Sources */ = {isa = PBXBuildFile; fileRef = 339DDF0227DB9E1900603603 /* CalEntrySelectionDelegate.swift */; };
		33CBE82F27DB537D00A1658B /* AppDelegate.swift in Sources */ = {isa = PBXBuildFile; fileRef = 33CBE82E27DB537D00A1658B /* AppDelegate.swift */; };
		33CBE83127DB537D00A1658B /* SceneDelegate.swift in Sources */ = {isa = PBXBuildFile; fileRef = 33CBE83027DB537D00A1658B /* SceneDelegate.swift */; };
		33CBE83327DB537D00A1658B /* ViewController.swift in Sources */ = {isa = PBXBuildFile; fileRef = 33CBE83227DB537D00A1658B /* ViewController.swift */; };
		33CBE83627DB537D00A1658B /* Main.storyboard in Resources */ = {isa = PBXBuildFile; fileRef = 33CBE83427DB537D00A1658B /* Main.storyboard */; };
		33CBE83827DB537E00A1658B /* Assets.xcassets in Resources */ = {isa = PBXBuildFile; fileRef = 33CBE83727DB537E00A1658B /* Assets.xcassets */; };
		33CBE83B27DB537E00A1658B /* LaunchScreen.storyboard in Resources */ = {isa = PBXBuildFile; fileRef = 33CBE83927DB537E00A1658B /* LaunchScreen.storyboard */; };
		33CBE84627DB537E00A1658B /* US_StatesTests.swift in Sources */ = {isa = PBXBuildFile; fileRef = 33CBE84527DB537E00A1658B /* US_StatesTests.swift */; };
		33CBE85027DB537E00A1658B /* US_StatesUITests.swift in Sources */ = {isa = PBXBuildFile; fileRef = 33CBE84F27DB537E00A1658B /* US_StatesUITests.swift */; };
		33CBE85227DB537E00A1658B /* US_StatesUITestsLaunchTests.swift in Sources */ = {isa = PBXBuildFile; fileRef = 33CBE85127DB537E00A1658B /* US_StatesUITestsLaunchTests.swift */; };
		33CBE86827DB544300A1658B /* SearchViewController.swift in Sources */ = {isa = PBXBuildFile; fileRef = 33CBE86327DB544300A1658B /* SearchViewController.swift */; };
		33CBE86927DB544300A1658B /* MasterViewController.swift in Sources */ = {isa = PBXBuildFile; fileRef = 33CBE86427DB544300A1658B /* MasterViewController.swift */; };
		33CBE86A27DB544300A1658B /* SearchBarDelegate.swift in Sources */ = {isa = PBXBuildFile; fileRef = 33CBE86527DB544300A1658B /* SearchBarDelegate.swift */; };
		33CBE86B27DB544300A1658B /* NavigationController.swift in Sources */ = {isa = PBXBuildFile; fileRef = 33CBE86627DB544300A1658B /* NavigationController.swift */; };
		33CBE86C27DB544300A1658B /* DetailViewController.swift in Sources */ = {isa = PBXBuildFile; fileRef = 33CBE86727DB544300A1658B /* DetailViewController.swift */; };
		33CBE87527DB545400A1658B /* CalPage.swift in Sources */ = {isa = PBXBuildFile; fileRef = 33CBE86D27DB545400A1658B /* CalPage.swift */; };
		33CBE87627DB545400A1658B /* CalEntry.swift in Sources */ = {isa = PBXBuildFile; fileRef = 33CBE86E27DB545400A1658B /* CalEntry.swift */; };
		33CBE87727DB545400A1658B /* CalSearchEngine.swift in Sources */ = {isa = PBXBuildFile; fileRef = 33CBE86F27DB545400A1658B /* CalSearchEngine.swift */; };
		33CBE87827DB545400A1658B /* CalDocument.swift in Sources */ = {isa = PBXBuildFile; fileRef = 33CBE87027DB545400A1658B /* CalDocument.swift */; };
		33CBE87927DB545400A1658B /* CalText.swift in Sources */ = {isa = PBXBuildFile; fileRef = 33CBE87127DB545400A1658B /* CalText.swift */; };
		33CBE87A27DB545400A1658B /* CalAttributableString.swift in Sources */ = {isa = PBXBuildFile; fileRef = 33CBE87227DB545400A1658B /* CalAttributableString.swift */; };
		33CBE87B27DB545400A1658B /* CalParser.swift in Sources */ = {isa = PBXBuildFile; fileRef = 33CBE87327DB545400A1658B /* CalParser.swift */; };
		33CBE87C27DB545400A1658B /* CalDocumentFields.swift in Sources */ = {isa = PBXBuildFile; fileRef = 33CBE87427DB545400A1658B /* CalDocumentFields.swift */; };
		33CBE87F27DB546200A1658B /* Extensions.swift in Sources */ = {isa = PBXBuildFile; fileRef = 33CBE87D27DB546200A1658B /* Extensions.swift */; };
		33CBE88027DB546200A1658B /* Notifications.swift in Sources */ = {isa = PBXBuildFile; fileRef = 33CBE87E27DB546200A1658B /* Notifications.swift */; };
		33CBE88227DB548000A1658B /* AllStates.xml in Resources */ = {isa = PBXBuildFile; fileRef = 33CBE88127DB548000A1658B /* AllStates.xml */; };
/* End PBXBuildFile section */

/* Begin PBXContainerItemProxy section */
		33CBE84227DB537E00A1658B /* PBXContainerItemProxy */ = {
			isa = PBXContainerItemProxy;
			containerPortal = 33CBE82327DB537D00A1658B /* Project object */;
			proxyType = 1;
			remoteGlobalIDString = 33CBE82A27DB537D00A1658B;
			remoteInfo = "US-States";
		};
		33CBE84C27DB537E00A1658B /* PBXContainerItemProxy */ = {
			isa = PBXContainerItemProxy;
			containerPortal = 33CBE82327DB537D00A1658B /* Project object */;
			proxyType = 1;
			remoteGlobalIDString = 33CBE82A27DB537D00A1658B;
			remoteInfo = "US-States";
		};
/* End PBXContainerItemProxy section */

/* Begin PBXFileReference section */
		330CE52B27E077FF0046FE21 /* Emailer.swift */ = {isa = PBXFileReference; lastKnownFileType = sourcecode.swift; path = Emailer.swift; sourceTree = "<group>"; };
		3325101927DF94C100DF3ADE /* SpinnerViewController.swift */ = {isa = PBXFileReference; lastKnownFileType = sourcecode.swift; path = SpinnerViewController.swift; sourceTree = "<group>"; };
		3384D5E427DE4AC400D7E66B /* OnboardingViewController.swift */ = {isa = PBXFileReference; lastKnownFileType = sourcecode.swift; path = OnboardingViewController.swift; sourceTree = "<group>"; };
		3384D5E627DE4BB000D7E66B /* Defaults.swift */ = {isa = PBXFileReference; lastKnownFileType = sourcecode.swift; path = Defaults.swift; sourceTree = "<group>"; };
		3384D5E827DE4E2000D7E66B /* Constants.swift */ = {isa = PBXFileReference; lastKnownFileType = sourcecode.swift; path = Constants.swift; sourceTree = "<group>"; };
		3384D5EA27DE4FE500D7E66B /* SplitViewController.swift */ = {isa = PBXFileReference; lastKnownFileType = sourcecode.swift; path = SplitViewController.swift; sourceTree = "<group>"; };
		339DDF0227DB9E1900603603 /* CalEntrySelectionDelegate.swift */ = {isa = PBXFileReference; lastKnownFileType = sourcecode.swift; path = CalEntrySelectionDelegate.swift; sourceTree = "<group>"; };
		33CBE82B27DB537D00A1658B /* Constitutions.app */ = {isa = PBXFileReference; explicitFileType = wrapper.application; includeInIndex = 0; path = Constitutions.app; sourceTree = BUILT_PRODUCTS_DIR; };
		33CBE82E27DB537D00A1658B /* AppDelegate.swift */ = {isa = PBXFileReference; lastKnownFileType = sourcecode.swift; path = AppDelegate.swift; sourceTree = "<group>"; };
		33CBE83027DB537D00A1658B /* SceneDelegate.swift */ = {isa = PBXFileReference; lastKnownFileType = sourcecode.swift; path = SceneDelegate.swift; sourceTree = "<group>"; };
		33CBE83227DB537D00A1658B /* ViewController.swift */ = {isa = PBXFileReference; lastKnownFileType = sourcecode.swift; path = ViewController.swift; sourceTree = "<group>"; };
		33CBE83527DB537D00A1658B /* Base */ = {isa = PBXFileReference; lastKnownFileType = file.storyboard; name = Base; path = Base.lproj/Main.storyboard; sourceTree = "<group>"; };
		33CBE83727DB537E00A1658B /* Assets.xcassets */ = {isa = PBXFileReference; lastKnownFileType = folder.assetcatalog; path = Assets.xcassets; sourceTree = "<group>"; };
		33CBE83A27DB537E00A1658B /* Base */ = {isa = PBXFileReference; lastKnownFileType = file.storyboard; name = Base; path = Base.lproj/LaunchScreen.storyboard; sourceTree = "<group>"; };
		33CBE83C27DB537E00A1658B /* Info.plist */ = {isa = PBXFileReference; lastKnownFileType = text.plist.xml; path = Info.plist; sourceTree = "<group>"; };
		33CBE84127DB537E00A1658B /* ConstitutionsTests.xctest */ = {isa = PBXFileReference; explicitFileType = wrapper.cfbundle; includeInIndex = 0; path = ConstitutionsTests.xctest; sourceTree = BUILT_PRODUCTS_DIR; };
		33CBE84527DB537E00A1658B /* US_StatesTests.swift */ = {isa = PBXFileReference; lastKnownFileType = sourcecode.swift; path = US_StatesTests.swift; sourceTree = "<group>"; };
		33CBE84B27DB537E00A1658B /* ConstitutionsUITests.xctest */ = {isa = PBXFileReference; explicitFileType = wrapper.cfbundle; includeInIndex = 0; path = ConstitutionsUITests.xctest; sourceTree = BUILT_PRODUCTS_DIR; };
		33CBE84F27DB537E00A1658B /* US_StatesUITests.swift */ = {isa = PBXFileReference; lastKnownFileType = sourcecode.swift; path = US_StatesUITests.swift; sourceTree = "<group>"; };
		33CBE85127DB537E00A1658B /* US_StatesUITestsLaunchTests.swift */ = {isa = PBXFileReference; lastKnownFileType = sourcecode.swift; path = US_StatesUITestsLaunchTests.swift; sourceTree = "<group>"; };
		33CBE86327DB544300A1658B /* SearchViewController.swift */ = {isa = PBXFileReference; fileEncoding = 4; lastKnownFileType = sourcecode.swift; path = SearchViewController.swift; sourceTree = "<group>"; };
		33CBE86427DB544300A1658B /* MasterViewController.swift */ = {isa = PBXFileReference; fileEncoding = 4; lastKnownFileType = sourcecode.swift; path = MasterViewController.swift; sourceTree = "<group>"; };
		33CBE86527DB544300A1658B /* SearchBarDelegate.swift */ = {isa = PBXFileReference; fileEncoding = 4; lastKnownFileType = sourcecode.swift; path = SearchBarDelegate.swift; sourceTree = "<group>"; };
		33CBE86627DB544300A1658B /* NavigationController.swift */ = {isa = PBXFileReference; fileEncoding = 4; lastKnownFileType = sourcecode.swift; path = NavigationController.swift; sourceTree = "<group>"; };
		33CBE86727DB544300A1658B /* DetailViewController.swift */ = {isa = PBXFileReference; fileEncoding = 4; lastKnownFileType = sourcecode.swift; path = DetailViewController.swift; sourceTree = "<group>"; };
		33CBE86D27DB545400A1658B /* CalPage.swift */ = {isa = PBXFileReference; fileEncoding = 4; lastKnownFileType = sourcecode.swift; path = CalPage.swift; sourceTree = "<group>"; };
		33CBE86E27DB545400A1658B /* CalEntry.swift */ = {isa = PBXFileReference; fileEncoding = 4; lastKnownFileType = sourcecode.swift; path = CalEntry.swift; sourceTree = "<group>"; };
		33CBE86F27DB545400A1658B /* CalSearchEngine.swift */ = {isa = PBXFileReference; fileEncoding = 4; lastKnownFileType = sourcecode.swift; path = CalSearchEngine.swift; sourceTree = "<group>"; };
		33CBE87027DB545400A1658B /* CalDocument.swift */ = {isa = PBXFileReference; fileEncoding = 4; lastKnownFileType = sourcecode.swift; path = CalDocument.swift; sourceTree = "<group>"; };
		33CBE87127DB545400A1658B /* CalText.swift */ = {isa = PBXFileReference; fileEncoding = 4; lastKnownFileType = sourcecode.swift; path = CalText.swift; sourceTree = "<group>"; };
		33CBE87227DB545400A1658B /* CalAttributableString.swift */ = {isa = PBXFileReference; fileEncoding = 4; lastKnownFileType = sourcecode.swift; path = CalAttributableString.swift; sourceTree = "<group>"; };
		33CBE87327DB545400A1658B /* CalParser.swift */ = {isa = PBXFileReference; fileEncoding = 4; lastKnownFileType = sourcecode.swift; path = CalParser.swift; sourceTree = "<group>"; };
		33CBE87427DB545400A1658B /* CalDocumentFields.swift */ = {isa = PBXFileReference; fileEncoding = 4; lastKnownFileType = sourcecode.swift; path = CalDocumentFields.swift; sourceTree = "<group>"; };
		33CBE87D27DB546200A1658B /* Extensions.swift */ = {isa = PBXFileReference; fileEncoding = 4; lastKnownFileType = sourcecode.swift; path = Extensions.swift; sourceTree = "<group>"; };
		33CBE87E27DB546200A1658B /* Notifications.swift */ = {isa = PBXFileReference; fileEncoding = 4; lastKnownFileType = sourcecode.swift; path = Notifications.swift; sourceTree = "<group>"; };
		33CBE88127DB548000A1658B /* AllStates.xml */ = {isa = PBXFileReference; fileEncoding = 4; lastKnownFileType = text.xml; path = AllStates.xml; sourceTree = "<group>"; };
/* End PBXFileReference section */

/* Begin PBXFrameworksBuildPhase section */
		33CBE82827DB537D00A1658B /* Frameworks */ = {
			isa = PBXFrameworksBuildPhase;
			buildActionMask = 2147483647;
			files = (
				3384D5E327DE4A2500D7E66B /* PaperOnboarding in Frameworks */,
			);
			runOnlyForDeploymentPostprocessing = 0;
		};
		33CBE83E27DB537E00A1658B /* Frameworks */ = {
			isa = PBXFrameworksBuildPhase;
			buildActionMask = 2147483647;
			files = (
			);
			runOnlyForDeploymentPostprocessing = 0;
		};
		33CBE84827DB537E00A1658B /* Frameworks */ = {
			isa = PBXFrameworksBuildPhase;
			buildActionMask = 2147483647;
			files = (
			);
			runOnlyForDeploymentPostprocessing = 0;
		};
/* End PBXFrameworksBuildPhase section */

/* Begin PBXGroup section */
		33CBE82227DB537D00A1658B = {
			isa = PBXGroup;
			children = (
				33CBE82D27DB537D00A1658B /* US-States */,
				33CBE84427DB537E00A1658B /* US-StatesTests */,
				33CBE84E27DB537E00A1658B /* US-StatesUITests */,
				33CBE82C27DB537D00A1658B /* Products */,
			);
			sourceTree = "<group>";
		};
		33CBE82C27DB537D00A1658B /* Products */ = {
			isa = PBXGroup;
			children = (
				33CBE82B27DB537D00A1658B /* Constitutions.app */,
				33CBE84127DB537E00A1658B /* ConstitutionsTests.xctest */,
				33CBE84B27DB537E00A1658B /* ConstitutionsUITests.xctest */,
			);
			name = Products;
			sourceTree = "<group>";
		};
		33CBE82D27DB537D00A1658B /* US-States */ = {
			isa = PBXGroup;
			children = (
				33CBE86127DB53A400A1658B /* Calandra */,
				33CBE86227DB53AB00A1658B /* Calandra Document */,
				33CBE85F27DB539600A1658B /* Controllers */,
				33CBE86027DB539E00A1658B /* Data */,
				33CBE83C27DB537E00A1658B /* Info.plist */,
				33CBE85E27DB538C00A1658B /* SupportingFiles */,
			);
			path = "US-States";
			sourceTree = "<group>";
		};
		33CBE84427DB537E00A1658B /* US-StatesTests */ = {
			isa = PBXGroup;
			children = (
				33CBE84527DB537E00A1658B /* US_StatesTests.swift */,
			);
			path = "US-StatesTests";
			sourceTree = "<group>";
		};
		33CBE84E27DB537E00A1658B /* US-StatesUITests */ = {
			isa = PBXGroup;
			children = (
				33CBE84F27DB537E00A1658B /* US_StatesUITests.swift */,
				33CBE85127DB537E00A1658B /* US_StatesUITestsLaunchTests.swift */,
			);
			path = "US-StatesUITests";
			sourceTree = "<group>";
		};
		33CBE85E27DB538C00A1658B /* SupportingFiles */ = {
			isa = PBXGroup;
			children = (
				33CBE82E27DB537D00A1658B /* AppDelegate.swift */,
				33CBE83027DB537D00A1658B /* SceneDelegate.swift */,
				33CBE83427DB537D00A1658B /* Main.storyboard */,
				33CBE83727DB537E00A1658B /* Assets.xcassets */,
				33CBE83927DB537E00A1658B /* LaunchScreen.storyboard */,
			);
			path = SupportingFiles;
			sourceTree = "<group>";
		};
		33CBE85F27DB539600A1658B /* Controllers */ = {
			isa = PBXGroup;
			children = (
				33CBE86727DB544300A1658B /* DetailViewController.swift */,
				33CBE86427DB544300A1658B /* MasterViewController.swift */,
				33CBE86627DB544300A1658B /* NavigationController.swift */,
				3384D5E427DE4AC400D7E66B /* OnboardingViewController.swift */,
				33CBE86527DB544300A1658B /* SearchBarDelegate.swift */,
				33CBE86327DB544300A1658B /* SearchViewController.swift */,
				3325101927DF94C100DF3ADE /* SpinnerViewController.swift */,
				3384D5EA27DE4FE500D7E66B /* SplitViewController.swift */,
				33CBE83227DB537D00A1658B /* ViewController.swift */,
			);
			path = Controllers;
			sourceTree = "<group>";
		};
		33CBE86027DB539E00A1658B /* Data */ = {
			isa = PBXGroup;
			children = (
				33CBE88127DB548000A1658B /* AllStates.xml */,
			);
			path = Data;
			sourceTree = "<group>";
		};
		33CBE86127DB53A400A1658B /* Calandra */ = {
			isa = PBXGroup;
			children = (
				3384D5E827DE4E2000D7E66B /* Constants.swift */,
				3384D5E627DE4BB000D7E66B /* Defaults.swift */,
				330CE52B27E077FF0046FE21 /* Emailer.swift */,
				33CBE87D27DB546200A1658B /* Extensions.swift */,
				33CBE87E27DB546200A1658B /* Notifications.swift */,
			);
			path = Calandra;
			sourceTree = "<group>";
		};
		33CBE86227DB53AB00A1658B /* Calandra Document */ = {
			isa = PBXGroup;
			children = (
				33CBE87227DB545400A1658B /* CalAttributableString.swift */,
				33CBE87027DB545400A1658B /* CalDocument.swift */,
				33CBE87427DB545400A1658B /* CalDocumentFields.swift */,
				33CBE86E27DB545400A1658B /* CalEntry.swift */,
				339DDF0227DB9E1900603603 /* CalEntrySelectionDelegate.swift */,
				33CBE86D27DB545400A1658B /* CalPage.swift */,
				33CBE87327DB545400A1658B /* CalParser.swift */,
				33CBE86F27DB545400A1658B /* CalSearchEngine.swift */,
				33CBE87127DB545400A1658B /* CalText.swift */,
			);
			path = "Calandra Document";
			sourceTree = "<group>";
		};
/* End PBXGroup section */

/* Begin PBXNativeTarget section */
		33CBE82A27DB537D00A1658B /* Constitutions */ = {
			isa = PBXNativeTarget;
			buildConfigurationList = 33CBE85527DB537E00A1658B /* Build configuration list for PBXNativeTarget "Constitutions" */;
			buildPhases = (
				33CBE82727DB537D00A1658B /* Sources */,
				33CBE82827DB537D00A1658B /* Frameworks */,
				33CBE82927DB537D00A1658B /* Resources */,
			);
			buildRules = (
			);
			dependencies = (
			);
			name = Constitutions;
			packageProductDependencies = (
				3384D5E227DE4A2500D7E66B /* PaperOnboarding */,
			);
			productName = "US-States";
			productReference = 33CBE82B27DB537D00A1658B /* Constitutions.app */;
			productType = "com.apple.product-type.application";
		};
		33CBE84027DB537E00A1658B /* ConstitutionsTests */ = {
			isa = PBXNativeTarget;
			buildConfigurationList = 33CBE85827DB537E00A1658B /* Build configuration list for PBXNativeTarget "ConstitutionsTests" */;
			buildPhases = (
				33CBE83D27DB537E00A1658B /* Sources */,
				33CBE83E27DB537E00A1658B /* Frameworks */,
				33CBE83F27DB537E00A1658B /* Resources */,
			);
			buildRules = (
			);
			dependencies = (
				33CBE84327DB537E00A1658B /* PBXTargetDependency */,
			);
			name = ConstitutionsTests;
			productName = "US-StatesTests";
			productReference = 33CBE84127DB537E00A1658B /* ConstitutionsTests.xctest */;
			productType = "com.apple.product-type.bundle.unit-test";
		};
		33CBE84A27DB537E00A1658B /* ConstitutionsUITests */ = {
			isa = PBXNativeTarget;
			buildConfigurationList = 33CBE85B27DB537E00A1658B /* Build configuration list for PBXNativeTarget "ConstitutionsUITests" */;
			buildPhases = (
				33CBE84727DB537E00A1658B /* Sources */,
				33CBE84827DB537E00A1658B /* Frameworks */,
				33CBE84927DB537E00A1658B /* Resources */,
			);
			buildRules = (
			);
			dependencies = (
				33CBE84D27DB537E00A1658B /* PBXTargetDependency */,
			);
			name = ConstitutionsUITests;
			productName = "US-StatesUITests";
			productReference = 33CBE84B27DB537E00A1658B /* ConstitutionsUITests.xctest */;
			productType = "com.apple.product-type.bundle.ui-testing";
		};
/* End PBXNativeTarget section */

/* Begin PBXProject section */
		33CBE82327DB537D00A1658B /* Project object */ = {
			isa = PBXProject;
			attributes = {
				BuildIndependentTargetsInParallel = 1;
				LastSwiftUpdateCheck = 1320;
				LastUpgradeCheck = 1320;
				TargetAttributes = {
					33CBE82A27DB537D00A1658B = {
						CreatedOnToolsVersion = 13.2.1;
					};
					33CBE84027DB537E00A1658B = {
						CreatedOnToolsVersion = 13.2.1;
						TestTargetID = 33CBE82A27DB537D00A1658B;
					};
					33CBE84A27DB537E00A1658B = {
						CreatedOnToolsVersion = 13.2.1;
						TestTargetID = 33CBE82A27DB537D00A1658B;
					};
				};
			};
			buildConfigurationList = 33CBE82627DB537D00A1658B /* Build configuration list for PBXProject "Constitutions" */;
			compatibilityVersion = "Xcode 13.0";
			developmentRegion = en;
			hasScannedForEncodings = 0;
			knownRegions = (
				en,
				Base,
			);
			mainGroup = 33CBE82227DB537D00A1658B;
			packageReferences = (
				3384D5E127DE4A2500D7E66B /* XCRemoteSwiftPackageReference "paper-onboarding" */,
			);
			productRefGroup = 33CBE82C27DB537D00A1658B /* Products */;
			projectDirPath = "";
			projectRoot = "";
			targets = (
				33CBE82A27DB537D00A1658B /* Constitutions */,
				33CBE84027DB537E00A1658B /* ConstitutionsTests */,
				33CBE84A27DB537E00A1658B /* ConstitutionsUITests */,
			);
		};
/* End PBXProject section */

/* Begin PBXResourcesBuildPhase section */
		33CBE82927DB537D00A1658B /* Resources */ = {
			isa = PBXResourcesBuildPhase;
			buildActionMask = 2147483647;
			files = (
				33CBE83B27DB537E00A1658B /* LaunchScreen.storyboard in Resources */,
				33CBE88227DB548000A1658B /* AllStates.xml in Resources */,
				33CBE83827DB537E00A1658B /* Assets.xcassets in Resources */,
				33CBE83627DB537D00A1658B /* Main.storyboard in Resources */,
			);
			runOnlyForDeploymentPostprocessing = 0;
		};
		33CBE83F27DB537E00A1658B /* Resources */ = {
			isa = PBXResourcesBuildPhase;
			buildActionMask = 2147483647;
			files = (
			);
			runOnlyForDeploymentPostprocessing = 0;
		};
		33CBE84927DB537E00A1658B /* Resources */ = {
			isa = PBXResourcesBuildPhase;
			buildActionMask = 2147483647;
			files = (
			);
			runOnlyForDeploymentPostprocessing = 0;
		};
/* End PBXResourcesBuildPhase section */

/* Begin PBXSourcesBuildPhase section */
		33CBE82727DB537D00A1658B /* Sources */ = {
			isa = PBXSourcesBuildPhase;
			buildActionMask = 2147483647;
			files = (
				33CBE86A27DB544300A1658B /* SearchBarDelegate.swift in Sources */,
				33CBE86927DB544300A1658B /* MasterViewController.swift in Sources */,
				339DDF0327DB9E1900603603 /* CalEntrySelectionDelegate.swift in Sources */,
				330CE52C27E077FF0046FE21 /* Emailer.swift in Sources */,
				3384D5E927DE4E2000D7E66B /* Constants.swift in Sources */,
				3325101A27DF94C100DF3ADE /* SpinnerViewController.swift in Sources */,
				33CBE83327DB537D00A1658B /* ViewController.swift in Sources */,
				33CBE87527DB545400A1658B /* CalPage.swift in Sources */,
				33CBE82F27DB537D00A1658B /* AppDelegate.swift in Sources */,
				33CBE87727DB545400A1658B /* CalSearchEngine.swift in Sources */,
				3384D5E527DE4AC400D7E66B /* OnboardingViewController.swift in Sources */,
				33CBE87B27DB545400A1658B /* CalParser.swift in Sources */,
				33CBE87A27DB545400A1658B /* CalAttributableString.swift in Sources */,
				33CBE87C27DB545400A1658B /* CalDocumentFields.swift in Sources */,
				33CBE87927DB545400A1658B /* CalText.swift in Sources */,
				33CBE87F27DB546200A1658B /* Extensions.swift in Sources */,
				33CBE86827DB544300A1658B /* SearchViewController.swift in Sources */,
				33CBE88027DB546200A1658B /* Notifications.swift in Sources */,
				3384D5E727DE4BB000D7E66B /* Defaults.swift in Sources */,
				33CBE87827DB545400A1658B /* CalDocument.swift in Sources */,
				33CBE86B27DB544300A1658B /* NavigationController.swift in Sources */,
				33CBE83127DB537D00A1658B /* SceneDelegate.swift in Sources */,
				33CBE86C27DB544300A1658B /* DetailViewController.swift in Sources */,
				33CBE87627DB545400A1658B /* CalEntry.swift in Sources */,
				3384D5EB27DE4FE500D7E66B /* SplitViewController.swift in Sources */,
			);
			runOnlyForDeploymentPostprocessing = 0;
		};
		33CBE83D27DB537E00A1658B /* Sources */ = {
			isa = PBXSourcesBuildPhase;
			buildActionMask = 2147483647;
			files = (
				33CBE84627DB537E00A1658B /* US_StatesTests.swift in Sources */,
			);
			runOnlyForDeploymentPostprocessing = 0;
		};
		33CBE84727DB537E00A1658B /* Sources */ = {
			isa = PBXSourcesBuildPhase;
			buildActionMask = 2147483647;
			files = (
				33CBE85227DB537E00A1658B /* US_StatesUITestsLaunchTests.swift in Sources */,
				33CBE85027DB537E00A1658B /* US_StatesUITests.swift in Sources */,
			);
			runOnlyForDeploymentPostprocessing = 0;
		};
/* End PBXSourcesBuildPhase section */

/* Begin PBXTargetDependency section */
		33CBE84327DB537E00A1658B /* PBXTargetDependency */ = {
			isa = PBXTargetDependency;
			target = 33CBE82A27DB537D00A1658B /* Constitutions */;
			targetProxy = 33CBE84227DB537E00A1658B /* PBXContainerItemProxy */;
		};
		33CBE84D27DB537E00A1658B /* PBXTargetDependency */ = {
			isa = PBXTargetDependency;
			target = 33CBE82A27DB537D00A1658B /* Constitutions */;
			targetProxy = 33CBE84C27DB537E00A1658B /* PBXContainerItemProxy */;
		};
/* End PBXTargetDependency section */

/* Begin PBXVariantGroup section */
		33CBE83427DB537D00A1658B /* Main.storyboard */ = {
			isa = PBXVariantGroup;
			children = (
				33CBE83527DB537D00A1658B /* Base */,
			);
			name = Main.storyboard;
			sourceTree = "<group>";
		};
		33CBE83927DB537E00A1658B /* LaunchScreen.storyboard */ = {
			isa = PBXVariantGroup;
			children = (
				33CBE83A27DB537E00A1658B /* Base */,
			);
			name = LaunchScreen.storyboard;
			sourceTree = "<group>";
		};
/* End PBXVariantGroup section */

/* Begin XCBuildConfiguration section */
		33CBE85327DB537E00A1658B /* Debug */ = {
			isa = XCBuildConfiguration;
			buildSettings = {
				ALWAYS_SEARCH_USER_PATHS = NO;
				CLANG_ANALYZER_NONNULL = YES;
				CLANG_ANALYZER_NUMBER_OBJECT_CONVERSION = YES_AGGRESSIVE;
				CLANG_CXX_LANGUAGE_STANDARD = "gnu++17";
				CLANG_CXX_LIBRARY = "libc++";
				CLANG_ENABLE_MODULES = YES;
				CLANG_ENABLE_OBJC_ARC = YES;
				CLANG_ENABLE_OBJC_WEAK = YES;
				CLANG_WARN_BLOCK_CAPTURE_AUTORELEASING = YES;
				CLANG_WARN_BOOL_CONVERSION = YES;
				CLANG_WARN_COMMA = YES;
				CLANG_WARN_CONSTANT_CONVERSION = YES;
				CLANG_WARN_DEPRECATED_OBJC_IMPLEMENTATIONS = YES;
				CLANG_WARN_DIRECT_OBJC_ISA_USAGE = YES_ERROR;
				CLANG_WARN_DOCUMENTATION_COMMENTS = YES;
				CLANG_WARN_EMPTY_BODY = YES;
				CLANG_WARN_ENUM_CONVERSION = YES;
				CLANG_WARN_INFINITE_RECURSION = YES;
				CLANG_WARN_INT_CONVERSION = YES;
				CLANG_WARN_NON_LITERAL_NULL_CONVERSION = YES;
				CLANG_WARN_OBJC_IMPLICIT_RETAIN_SELF = YES;
				CLANG_WARN_OBJC_LITERAL_CONVERSION = YES;
				CLANG_WARN_OBJC_ROOT_CLASS = YES_ERROR;
				CLANG_WARN_QUOTED_INCLUDE_IN_FRAMEWORK_HEADER = YES;
				CLANG_WARN_RANGE_LOOP_ANALYSIS = YES;
				CLANG_WARN_STRICT_PROTOTYPES = YES;
				CLANG_WARN_SUSPICIOUS_MOVE = YES;
				CLANG_WARN_UNGUARDED_AVAILABILITY = YES_AGGRESSIVE;
				CLANG_WARN_UNREACHABLE_CODE = YES;
				CLANG_WARN__DUPLICATE_METHOD_MATCH = YES;
				COPY_PHASE_STRIP = NO;
				DEBUG_INFORMATION_FORMAT = dwarf;
				ENABLE_STRICT_OBJC_MSGSEND = YES;
				ENABLE_TESTABILITY = YES;
				GCC_C_LANGUAGE_STANDARD = gnu11;
				GCC_DYNAMIC_NO_PIC = NO;
				GCC_NO_COMMON_BLOCKS = YES;
				GCC_OPTIMIZATION_LEVEL = 0;
				GCC_PREPROCESSOR_DEFINITIONS = (
					"DEBUG=1",
					"$(inherited)",
				);
				GCC_WARN_64_TO_32_BIT_CONVERSION = YES;
				GCC_WARN_ABOUT_RETURN_TYPE = YES_ERROR;
				GCC_WARN_UNDECLARED_SELECTOR = YES;
				GCC_WARN_UNINITIALIZED_AUTOS = YES_AGGRESSIVE;
				GCC_WARN_UNUSED_FUNCTION = YES;
				GCC_WARN_UNUSED_VARIABLE = YES;
				IPHONEOS_DEPLOYMENT_TARGET = 14.0;
				MTL_ENABLE_DEBUG_INFO = INCLUDE_SOURCE;
				MTL_FAST_MATH = YES;
				ONLY_ACTIVE_ARCH = YES;
				SDKROOT = iphoneos;
				SWIFT_ACTIVE_COMPILATION_CONDITIONS = DEBUG;
				SWIFT_OPTIMIZATION_LEVEL = "-Onone";
			};
			name = Debug;
		};
		33CBE85427DB537E00A1658B /* Release */ = {
			isa = XCBuildConfiguration;
			buildSettings = {
				ALWAYS_SEARCH_USER_PATHS = NO;
				CLANG_ANALYZER_NONNULL = YES;
				CLANG_ANALYZER_NUMBER_OBJECT_CONVERSION = YES_AGGRESSIVE;
				CLANG_CXX_LANGUAGE_STANDARD = "gnu++17";
				CLANG_CXX_LIBRARY = "libc++";
				CLANG_ENABLE_MODULES = YES;
				CLANG_ENABLE_OBJC_ARC = YES;
				CLANG_ENABLE_OBJC_WEAK = YES;
				CLANG_WARN_BLOCK_CAPTURE_AUTORELEASING = YES;
				CLANG_WARN_BOOL_CONVERSION = YES;
				CLANG_WARN_COMMA = YES;
				CLANG_WARN_CONSTANT_CONVERSION = YES;
				CLANG_WARN_DEPRECATED_OBJC_IMPLEMENTATIONS = YES;
				CLANG_WARN_DIRECT_OBJC_ISA_USAGE = YES_ERROR;
				CLANG_WARN_DOCUMENTATION_COMMENTS = YES;
				CLANG_WARN_EMPTY_BODY = YES;
				CLANG_WARN_ENUM_CONVERSION = YES;
				CLANG_WARN_INFINITE_RECURSION = YES;
				CLANG_WARN_INT_CONVERSION = YES;
				CLANG_WARN_NON_LITERAL_NULL_CONVERSION = YES;
				CLANG_WARN_OBJC_IMPLICIT_RETAIN_SELF = YES;
				CLANG_WARN_OBJC_LITERAL_CONVERSION = YES;
				CLANG_WARN_OBJC_ROOT_CLASS = YES_ERROR;
				CLANG_WARN_QUOTED_INCLUDE_IN_FRAMEWORK_HEADER = YES;
				CLANG_WARN_RANGE_LOOP_ANALYSIS = YES;
				CLANG_WARN_STRICT_PROTOTYPES = YES;
				CLANG_WARN_SUSPICIOUS_MOVE = YES;
				CLANG_WARN_UNGUARDED_AVAILABILITY = YES_AGGRESSIVE;
				CLANG_WARN_UNREACHABLE_CODE = YES;
				CLANG_WARN__DUPLICATE_METHOD_MATCH = YES;
				COPY_PHASE_STRIP = NO;
				DEBUG_INFORMATION_FORMAT = "dwarf-with-dsym";
				ENABLE_NS_ASSERTIONS = NO;
				ENABLE_STRICT_OBJC_MSGSEND = YES;
				GCC_C_LANGUAGE_STANDARD = gnu11;
				GCC_NO_COMMON_BLOCKS = YES;
				GCC_WARN_64_TO_32_BIT_CONVERSION = YES;
				GCC_WARN_ABOUT_RETURN_TYPE = YES_ERROR;
				GCC_WARN_UNDECLARED_SELECTOR = YES;
				GCC_WARN_UNINITIALIZED_AUTOS = YES_AGGRESSIVE;
				GCC_WARN_UNUSED_FUNCTION = YES;
				GCC_WARN_UNUSED_VARIABLE = YES;
				IPHONEOS_DEPLOYMENT_TARGET = 14.0;
				MTL_ENABLE_DEBUG_INFO = NO;
				MTL_FAST_MATH = YES;
				SDKROOT = iphoneos;
				SWIFT_COMPILATION_MODE = wholemodule;
				SWIFT_OPTIMIZATION_LEVEL = "-O";
				VALIDATE_PRODUCT = YES;
			};
			name = Release;
		};
		33CBE85627DB537E00A1658B /* Debug */ = {
			isa = XCBuildConfiguration;
			buildSettings = {
				ASSETCATALOG_COMPILER_APPICON_NAME = AppIcon;
				ASSETCATALOG_COMPILER_GLOBAL_ACCENT_COLOR_NAME = AccentColor;
				CODE_SIGN_STYLE = Automatic;
				CURRENT_PROJECT_VERSION = 6;
				DEVELOPMENT_TEAM = JV455MTU52;
				GENERATE_INFOPLIST_FILE = YES;
				INFOPLIST_FILE = "US-States/Info.plist";
				INFOPLIST_KEY_UIApplicationSupportsIndirectInputEvents = YES;
				INFOPLIST_KEY_UILaunchStoryboardName = LaunchScreen;
				INFOPLIST_KEY_UIMainStoryboardFile = Main;
				INFOPLIST_KEY_UISupportedInterfaceOrientations_iPad = "UIInterfaceOrientationPortrait UIInterfaceOrientationPortraitUpsideDown UIInterfaceOrientationLandscapeLeft UIInterfaceOrientationLandscapeRight";
				INFOPLIST_KEY_UISupportedInterfaceOrientations_iPhone = "UIInterfaceOrientationPortrait UIInterfaceOrientationLandscapeLeft UIInterfaceOrientationLandscapeRight";
				LD_RUNPATH_SEARCH_PATHS = (
					"$(inherited)",
					"@executable_path/Frameworks",
				);
				MARKETING_VERSION = 1.0;
				PRODUCT_BUNDLE_IDENTIFIER = CalandraLark.Constitutions;
				PRODUCT_NAME = "$(TARGET_NAME)";
				SWIFT_EMIT_LOC_STRINGS = YES;
				SWIFT_VERSION = 5.0;
				TARGETED_DEVICE_FAMILY = "1,2";
			};
			name = Debug;
		};
		33CBE85727DB537E00A1658B /* Release */ = {
			isa = XCBuildConfiguration;
			buildSettings = {
				ASSETCATALOG_COMPILER_APPICON_NAME = AppIcon;
				ASSETCATALOG_COMPILER_GLOBAL_ACCENT_COLOR_NAME = AccentColor;
				CODE_SIGN_STYLE = Automatic;
				CURRENT_PROJECT_VERSION = 6;
				DEVELOPMENT_TEAM = JV455MTU52;
				GENERATE_INFOPLIST_FILE = YES;
				INFOPLIST_FILE = "US-States/Info.plist";
				INFOPLIST_KEY_UIApplicationSupportsIndirectInputEvents = YES;
				INFOPLIST_KEY_UILaunchStoryboardName = LaunchScreen;
				INFOPLIST_KEY_UIMainStoryboardFile = Main;
				INFOPLIST_KEY_UISupportedInterfaceOrientations_iPad = "UIInterfaceOrientationPortrait UIInterfaceOrientationPortraitUpsideDown UIInterfaceOrientationLandscapeLeft UIInterfaceOrientationLandscapeRight";
				INFOPLIST_KEY_UISupportedInterfaceOrientations_iPhone = "UIInterfaceOrientationPortrait UIInterfaceOrientationLandscapeLeft UIInterfaceOrientationLandscapeRight";
				LD_RUNPATH_SEARCH_PATHS = (
					"$(inherited)",
					"@executable_path/Frameworks",
				);
				MARKETING_VERSION = 1.0;
				PRODUCT_BUNDLE_IDENTIFIER = CalandraLark.Constitutions;
				PRODUCT_NAME = "$(TARGET_NAME)";
				SWIFT_EMIT_LOC_STRINGS = YES;
				SWIFT_VERSION = 5.0;
				TARGETED_DEVICE_FAMILY = "1,2";
			};
			name = Release;
		};
		33CBE85927DB537E00A1658B /* Debug */ = {
			isa = XCBuildConfiguration;
			buildSettings = {
				ALWAYS_EMBED_SWIFT_STANDARD_LIBRARIES = YES;
				BUNDLE_LOADER = "$(TEST_HOST)";
				CODE_SIGN_STYLE = Automatic;
				CURRENT_PROJECT_VERSION = 1;
				DEVELOPMENT_TEAM = JV455MTU52;
				GENERATE_INFOPLIST_FILE = YES;
				IPHONEOS_DEPLOYMENT_TARGET = 15.2;
				MARKETING_VERSION = 1.0;
				PRODUCT_BUNDLE_IDENTIFIER = "CalandraLark.US-StatesTests";
				PRODUCT_NAME = "$(TARGET_NAME)";
				SWIFT_EMIT_LOC_STRINGS = NO;
				SWIFT_VERSION = 5.0;
				TARGETED_DEVICE_FAMILY = "1,2";
				TEST_HOST = "$(BUILT_PRODUCTS_DIR)/Constitutions.app/Constitutions";
			};
			name = Debug;
		};
		33CBE85A27DB537E00A1658B /* Release */ = {
			isa = XCBuildConfiguration;
			buildSettings = {
				ALWAYS_EMBED_SWIFT_STANDARD_LIBRARIES = YES;
				BUNDLE_LOADER = "$(TEST_HOST)";
				CODE_SIGN_STYLE = Automatic;
				CURRENT_PROJECT_VERSION = 1;
				DEVELOPMENT_TEAM = JV455MTU52;
				GENERATE_INFOPLIST_FILE = YES;
				IPHONEOS_DEPLOYMENT_TARGET = 15.2;
				MARKETING_VERSION = 1.0;
				PRODUCT_BUNDLE_IDENTIFIER = "CalandraLark.US-StatesTests";
				PRODUCT_NAME = "$(TARGET_NAME)";
				SWIFT_EMIT_LOC_STRINGS = NO;
				SWIFT_VERSION = 5.0;
				TARGETED_DEVICE_FAMILY = "1,2";
				TEST_HOST = "$(BUILT_PRODUCTS_DIR)/Constitutions.app/Constitutions";
			};
			name = Release;
		};
		33CBE85C27DB537E00A1658B /* Debug */ = {
			isa = XCBuildConfiguration;
			buildSettings = {
				ALWAYS_EMBED_SWIFT_STANDARD_LIBRARIES = YES;
				CODE_SIGN_STYLE = Automatic;
				CURRENT_PROJECT_VERSION = 1;
				DEVELOPMENT_TEAM = JV455MTU52;
				GENERATE_INFOPLIST_FILE = YES;
				MARKETING_VERSION = 1.0;
				PRODUCT_BUNDLE_IDENTIFIER = "CalandraLark.US-StatesUITests";
				PRODUCT_NAME = "$(TARGET_NAME)";
				SWIFT_EMIT_LOC_STRINGS = NO;
				SWIFT_VERSION = 5.0;
				TARGETED_DEVICE_FAMILY = "1,2";
				TEST_TARGET_NAME = "US-States";
			};
			name = Debug;
		};
		33CBE85D27DB537E00A1658B /* Release */ = {
			isa = XCBuildConfiguration;
			buildSettings = {
				ALWAYS_EMBED_SWIFT_STANDARD_LIBRARIES = YES;
				CODE_SIGN_STYLE = Automatic;
				CURRENT_PROJECT_VERSION = 1;
				DEVELOPMENT_TEAM = JV455MTU52;
				GENERATE_INFOPLIST_FILE = YES;
				MARKETING_VERSION = 1.0;
				PRODUCT_BUNDLE_IDENTIFIER = "CalandraLark.US-StatesUITests";
				PRODUCT_NAME = "$(TARGET_NAME)";
				SWIFT_EMIT_LOC_STRINGS = NO;
				SWIFT_VERSION = 5.0;
				TARGETED_DEVICE_FAMILY = "1,2";
				TEST_TARGET_NAME = "US-States";
			};
			name = Release;
		};
/* End XCBuildConfiguration section */

/* Begin XCConfigurationList section */
		33CBE82627DB537D00A1658B /* Build configuration list for PBXProject "Constitutions" */ = {
			isa = XCConfigurationList;
			buildConfigurations = (
				33CBE85327DB537E00A1658B /* Debug */,
				33CBE85427DB537E00A1658B /* Release */,
			);
			defaultConfigurationIsVisible = 0;
			defaultConfigurationName = Release;
		};
		33CBE85527DB537E00A1658B /* Build configuration list for PBXNativeTarget "Constitutions" */ = {
			isa = XCConfigurationList;
			buildConfigurations = (
				33CBE85627DB537E00A1658B /* Debug */,
				33CBE85727DB537E00A1658B /* Release */,
			);
			defaultConfigurationIsVisible = 0;
			defaultConfigurationName = Release;
		};
		33CBE85827DB537E00A1658B /* Build configuration list for PBXNativeTarget "ConstitutionsTests" */ = {
			isa = XCConfigurationList;
			buildConfigurations = (
				33CBE85927DB537E00A1658B /* Debug */,
				33CBE85A27DB537E00A1658B /* Release */,
			);
			defaultConfigurationIsVisible = 0;
			defaultConfigurationName = Release;
		};
		33CBE85B27DB537E00A1658B /* Build configuration list for PBXNativeTarget "ConstitutionsUITests" */ = {
			isa = XCConfigurationList;
			buildConfigurations = (
				33CBE85C27DB537E00A1658B /* Debug */,
				33CBE85D27DB537E00A1658B /* Release */,
			);
			defaultConfigurationIsVisible = 0;
			defaultConfigurationName = Release;
		};
/* End XCConfigurationList section */

/* Begin XCRemoteSwiftPackageReference section */
		3384D5E127DE4A2500D7E66B /* XCRemoteSwiftPackageReference "paper-onboarding" */ = {
			isa = XCRemoteSwiftPackageReference;
			repositoryURL = "https://github.com/Ramotion/paper-onboarding";
			requirement = {
				kind = upToNextMajorVersion;
				minimumVersion = 6.0.0;
			};
		};
/* End XCRemoteSwiftPackageReference section */

/* Begin XCSwiftPackageProductDependency section */
		3384D5E227DE4A2500D7E66B /* PaperOnboarding */ = {
			isa = XCSwiftPackageProductDependency;
			package = 3384D5E127DE4A2500D7E66B /* XCRemoteSwiftPackageReference "paper-onboarding" */;
			productName = PaperOnboarding;
		};
/* End XCSwiftPackageProductDependency section */
	};
	rootObject = 33CBE82327DB537D00A1658B /* Project object */;
}
